// !$*UTF8*$!
{
	archiveVersion = 1;
	classes = {
	};
	objectVersion = 56;
	objects = {

/* Begin PBXBuildFile section */
		A208449C292CA1BC0072E981 /* IntelligentLiftingFrameApp.swift in Sources */ = {isa = PBXBuildFile; fileRef = A208449B292CA1BC0072E981 /* IntelligentLiftingFrameApp.swift */; };
		A208449E292CA1BC0072E981 /* ControlView.swift in Sources */ = {isa = PBXBuildFile; fileRef = A208449D292CA1BC0072E981 /* ControlView.swift */; };
		A20844A0292CA1BD0072E981 /* Assets.xcassets in Resources */ = {isa = PBXBuildFile; fileRef = A208449F292CA1BD0072E981 /* Assets.xcassets */; };
		A20844A3292CA1BD0072E981 /* Preview Assets.xcassets in Resources */ = {isa = PBXBuildFile; fileRef = A20844A2292CA1BD0072E981 /* Preview Assets.xcassets */; };
		A20844AD292CA1BD0072E981 /* IntelligentLiftingFrameTests.swift in Sources */ = {isa = PBXBuildFile; fileRef = A20844AC292CA1BD0072E981 /* IntelligentLiftingFrameTests.swift */; };
		A20844B7292CA1BD0072E981 /* IntelligentLiftingFrameUITests.swift in Sources */ = {isa = PBXBuildFile; fileRef = A20844B6292CA1BD0072E981 /* IntelligentLiftingFrameUITests.swift */; };
		A20844B9292CA1BD0072E981 /* IntelligentLiftingFrameUITestsLaunchTests.swift in Sources */ = {isa = PBXBuildFile; fileRef = A20844B8292CA1BD0072E981 /* IntelligentLiftingFrameUITestsLaunchTests.swift */; };
		A209D33929358DE700C68ED6 /* ControlViewModel.swift in Sources */ = {isa = PBXBuildFile; fileRef = A209D33829358DE700C68ED6 /* ControlViewModel.swift */; };
		A211BC8D293492E4005F1FFE /* ClientConnection.swift in Sources */ = {isa = PBXBuildFile; fileRef = A211BC8C293492E4005F1FFE /* ClientConnection.swift */; };
		A211BC8F293493E8005F1FFE /* Client.swift in Sources */ = {isa = PBXBuildFile; fileRef = A211BC8E293493E8005F1FFE /* Client.swift */; };
		A211BC912934B053005F1FFE /* UserSystemModel.swift in Sources */ = {isa = PBXBuildFile; fileRef = A211BC902934B053005F1FFE /* UserSystemModel.swift */; };
		A211BC932934B599005F1FFE /* Command.swift in Sources */ = {isa = PBXBuildFile; fileRef = A211BC922934B599005F1FFE /* Command.swift */; };
		A22153382A60D69F0062A824 /* 2DView.swift in Sources */ = {isa = PBXBuildFile; fileRef = A22153372A60D69F0062A824 /* 2DView.swift */; };
		A221533A2A60D75B0062A824 /* SystemConstants.swift in Sources */ = {isa = PBXBuildFile; fileRef = A22153392A60D75B0062A824 /* SystemConstants.swift */; };
		A24396AF294095C100041164 /* GamepadController.swift in Sources */ = {isa = PBXBuildFile; fileRef = A24396AE294095C100041164 /* GamepadController.swift */; };
		A2AA66A02A42AB2200E84F5F /* AppConstantsAndStyles.swift in Sources */ = {isa = PBXBuildFile; fileRef = A2AA669F2A42AB2200E84F5F /* AppConstantsAndStyles.swift */; };
		A2B43A822994E17100730571 /* MessageViewModel.swift in Sources */ = {isa = PBXBuildFile; fileRef = A2B43A812994E17100730571 /* MessageViewModel.swift */; };
		A2C0C64E2A6644D300D1A6DE /* BirdsEyeView.swift in Sources */ = {isa = PBXBuildFile; fileRef = A2C0C64D2A6644D300D1A6DE /* BirdsEyeView.swift */; };
		A2CC22212A89F83300FC0FB2 /* JoystickView.swift in Sources */ = {isa = PBXBuildFile; fileRef = A2CC22202A89F83300FC0FB2 /* JoystickView.swift */; };
/* End PBXBuildFile section */

/* Begin PBXContainerItemProxy section */
		A20844A9292CA1BD0072E981 /* PBXContainerItemProxy */ = {
			isa = PBXContainerItemProxy;
			containerPortal = A2084490292CA1BC0072E981 /* Project object */;
			proxyType = 1;
			remoteGlobalIDString = A2084497292CA1BC0072E981;
			remoteInfo = IntelligentLiftingFrame;
		};
		A20844B3292CA1BD0072E981 /* PBXContainerItemProxy */ = {
			isa = PBXContainerItemProxy;
			containerPortal = A2084490292CA1BC0072E981 /* Project object */;
			proxyType = 1;
			remoteGlobalIDString = A2084497292CA1BC0072E981;
			remoteInfo = IntelligentLiftingFrame;
		};
/* End PBXContainerItemProxy section */

/* Begin PBXFileReference section */
		A2084498292CA1BC0072E981 /* IntelligentLiftingFrame.app */ = {isa = PBXFileReference; explicitFileType = wrapper.application; includeInIndex = 0; path = IntelligentLiftingFrame.app; sourceTree = BUILT_PRODUCTS_DIR; };
		A208449B292CA1BC0072E981 /* IntelligentLiftingFrameApp.swift */ = {isa = PBXFileReference; lastKnownFileType = sourcecode.swift; path = IntelligentLiftingFrameApp.swift; sourceTree = "<group>"; };
		A208449D292CA1BC0072E981 /* ControlView.swift */ = {isa = PBXFileReference; lastKnownFileType = sourcecode.swift; path = ControlView.swift; sourceTree = "<group>"; };
		A208449F292CA1BD0072E981 /* Assets.xcassets */ = {isa = PBXFileReference; lastKnownFileType = folder.assetcatalog; path = Assets.xcassets; sourceTree = "<group>"; };
		A20844A2292CA1BD0072E981 /* Preview Assets.xcassets */ = {isa = PBXFileReference; lastKnownFileType = folder.assetcatalog; path = "Preview Assets.xcassets"; sourceTree = "<group>"; };
		A20844A8292CA1BD0072E981 /* IntelligentLiftingFrameTests.xctest */ = {isa = PBXFileReference; explicitFileType = wrapper.cfbundle; includeInIndex = 0; path = IntelligentLiftingFrameTests.xctest; sourceTree = BUILT_PRODUCTS_DIR; };
		A20844AC292CA1BD0072E981 /* IntelligentLiftingFrameTests.swift */ = {isa = PBXFileReference; lastKnownFileType = sourcecode.swift; path = IntelligentLiftingFrameTests.swift; sourceTree = "<group>"; };
		A20844B2292CA1BD0072E981 /* IntelligentLiftingFrameUITests.xctest */ = {isa = PBXFileReference; explicitFileType = wrapper.cfbundle; includeInIndex = 0; path = IntelligentLiftingFrameUITests.xctest; sourceTree = BUILT_PRODUCTS_DIR; };
		A20844B6292CA1BD0072E981 /* IntelligentLiftingFrameUITests.swift */ = {isa = PBXFileReference; lastKnownFileType = sourcecode.swift; path = IntelligentLiftingFrameUITests.swift; sourceTree = "<group>"; };
		A20844B8292CA1BD0072E981 /* IntelligentLiftingFrameUITestsLaunchTests.swift */ = {isa = PBXFileReference; lastKnownFileType = sourcecode.swift; path = IntelligentLiftingFrameUITestsLaunchTests.swift; sourceTree = "<group>"; };
		A209D33829358DE700C68ED6 /* ControlViewModel.swift */ = {isa = PBXFileReference; lastKnownFileType = sourcecode.swift; path = ControlViewModel.swift; sourceTree = "<group>"; };
		A211BC8C293492E4005F1FFE /* ClientConnection.swift */ = {isa = PBXFileReference; lastKnownFileType = sourcecode.swift; path = ClientConnection.swift; sourceTree = "<group>"; };
		A211BC8E293493E8005F1FFE /* Client.swift */ = {isa = PBXFileReference; lastKnownFileType = sourcecode.swift; path = Client.swift; sourceTree = "<group>"; };
		A211BC902934B053005F1FFE /* UserSystemModel.swift */ = {isa = PBXFileReference; lastKnownFileType = sourcecode.swift; path = UserSystemModel.swift; sourceTree = "<group>"; };
		A211BC922934B599005F1FFE /* Command.swift */ = {isa = PBXFileReference; lastKnownFileType = sourcecode.swift; path = Command.swift; sourceTree = "<group>"; };
		A22153372A60D69F0062A824 /* 2DView.swift */ = {isa = PBXFileReference; lastKnownFileType = sourcecode.swift; path = 2DView.swift; sourceTree = "<group>"; };
		A22153392A60D75B0062A824 /* SystemConstants.swift */ = {isa = PBXFileReference; lastKnownFileType = sourcecode.swift; path = SystemConstants.swift; sourceTree = "<group>"; };
		A24396AE294095C100041164 /* GamepadController.swift */ = {isa = PBXFileReference; lastKnownFileType = sourcecode.swift; path = GamepadController.swift; sourceTree = "<group>"; };
		A2AA669F2A42AB2200E84F5F /* AppConstantsAndStyles.swift */ = {isa = PBXFileReference; lastKnownFileType = sourcecode.swift; path = AppConstantsAndStyles.swift; sourceTree = "<group>"; };
		A2B43A812994E17100730571 /* MessageViewModel.swift */ = {isa = PBXFileReference; lastKnownFileType = sourcecode.swift; path = MessageViewModel.swift; sourceTree = "<group>"; };
		A2C0C64D2A6644D300D1A6DE /* BirdsEyeView.swift */ = {isa = PBXFileReference; lastKnownFileType = sourcecode.swift; path = BirdsEyeView.swift; sourceTree = "<group>"; };
		A2CC22202A89F83300FC0FB2 /* JoystickView.swift */ = {isa = PBXFileReference; lastKnownFileType = sourcecode.swift; path = JoystickView.swift; sourceTree = "<group>"; };
/* End PBXFileReference section */

/* Begin PBXFrameworksBuildPhase section */
		A2084495292CA1BC0072E981 /* Frameworks */ = {
			isa = PBXFrameworksBuildPhase;
			buildActionMask = 2147483647;
			files = (
			);
			runOnlyForDeploymentPostprocessing = 0;
		};
		A20844A5292CA1BD0072E981 /* Frameworks */ = {
			isa = PBXFrameworksBuildPhase;
			buildActionMask = 2147483647;
			files = (
			);
			runOnlyForDeploymentPostprocessing = 0;
		};
		A20844AF292CA1BD0072E981 /* Frameworks */ = {
			isa = PBXFrameworksBuildPhase;
			buildActionMask = 2147483647;
			files = (
			);
			runOnlyForDeploymentPostprocessing = 0;
		};
/* End PBXFrameworksBuildPhase section */

/* Begin PBXGroup section */
		A208448F292CA1BC0072E981 = {
			isa = PBXGroup;
			children = (
				A208449A292CA1BC0072E981 /* IntelligentLiftingFrame */,
				A20844AB292CA1BD0072E981 /* IntelligentLiftingFrameTests */,
				A20844B5292CA1BD0072E981 /* IntelligentLiftingFrameUITests */,
				A2084499292CA1BC0072E981 /* Products */,
			);
			sourceTree = "<group>";
		};
		A2084499292CA1BC0072E981 /* Products */ = {
			isa = PBXGroup;
			children = (
				A2084498292CA1BC0072E981 /* IntelligentLiftingFrame.app */,
				A20844A8292CA1BD0072E981 /* IntelligentLiftingFrameTests.xctest */,
				A20844B2292CA1BD0072E981 /* IntelligentLiftingFrameUITests.xctest */,
			);
			name = Products;
			sourceTree = "<group>";
		};
		A208449A292CA1BC0072E981 /* IntelligentLiftingFrame */ = {
			isa = PBXGroup;
			children = (
				A22153362A60D6780062A824 /* PPVCvisualization */,
				A24396AD2940959F00041164 /* Joystick */,
				A209D33B2935AE3400C68ED6 /* InfoProcess */,
				A209D33A2935AE1B00C68ED6 /* Network */,
				A208449B292CA1BC0072E981 /* IntelligentLiftingFrameApp.swift */,
				A208449D292CA1BC0072E981 /* ControlView.swift */,
				A208449F292CA1BD0072E981 /* Assets.xcassets */,
				A20844A1292CA1BD0072E981 /* Preview Content */,
				A209D33829358DE700C68ED6 /* ControlViewModel.swift */,
				A2AA669F2A42AB2200E84F5F /* AppConstantsAndStyles.swift */,
				A22153392A60D75B0062A824 /* SystemConstants.swift */,
			);
			path = IntelligentLiftingFrame;
			sourceTree = "<group>";
		};
		A20844A1292CA1BD0072E981 /* Preview Content */ = {
			isa = PBXGroup;
			children = (
				A20844A2292CA1BD0072E981 /* Preview Assets.xcassets */,
			);
			path = "Preview Content";
			sourceTree = "<group>";
		};
		A20844AB292CA1BD0072E981 /* IntelligentLiftingFrameTests */ = {
			isa = PBXGroup;
			children = (
				A20844AC292CA1BD0072E981 /* IntelligentLiftingFrameTests.swift */,
			);
			path = IntelligentLiftingFrameTests;
			sourceTree = "<group>";
		};
		A20844B5292CA1BD0072E981 /* IntelligentLiftingFrameUITests */ = {
			isa = PBXGroup;
			children = (
				A20844B6292CA1BD0072E981 /* IntelligentLiftingFrameUITests.swift */,
				A20844B8292CA1BD0072E981 /* IntelligentLiftingFrameUITestsLaunchTests.swift */,
			);
			path = IntelligentLiftingFrameUITests;
			sourceTree = "<group>";
		};
		A209D33A2935AE1B00C68ED6 /* Network */ = {
			isa = PBXGroup;
			children = (
				A211BC8E293493E8005F1FFE /* Client.swift */,
				A211BC8C293492E4005F1FFE /* ClientConnection.swift */,
			);
			path = Network;
			sourceTree = "<group>";
		};
		A209D33B2935AE3400C68ED6 /* InfoProcess */ = {
			isa = PBXGroup;
			children = (
				A211BC902934B053005F1FFE /* UserSystemModel.swift */,
				A211BC922934B599005F1FFE /* Command.swift */,
				A2B43A812994E17100730571 /* MessageViewModel.swift */,
			);
			path = InfoProcess;
			sourceTree = "<group>";
		};
		A22153362A60D6780062A824 /* PPVCvisualization */ = {
			isa = PBXGroup;
			children = (
				A22153372A60D69F0062A824 /* 2DView.swift */,
				A2C0C64D2A6644D300D1A6DE /* BirdsEyeView.swift */,
			);
			path = PPVCvisualization;
			sourceTree = "<group>";
		};
		A24396AD2940959F00041164 /* Joystick */ = {
			isa = PBXGroup;
			children = (
				A24396AE294095C100041164 /* GamepadController.swift */,
				A2CC22202A89F83300FC0FB2 /* JoystickView.swift */,
			);
			path = Joystick;
			sourceTree = "<group>";
		};
/* End PBXGroup section */

/* Begin PBXNativeTarget section */
		A2084497292CA1BC0072E981 /* IntelligentLiftingFrame */ = {
			isa = PBXNativeTarget;
			buildConfigurationList = A20844BC292CA1BD0072E981 /* Build configuration list for PBXNativeTarget "IntelligentLiftingFrame" */;
			buildPhases = (
				A2084494292CA1BC0072E981 /* Sources */,
				A2084495292CA1BC0072E981 /* Frameworks */,
				A2084496292CA1BC0072E981 /* Resources */,
			);
			buildRules = (
			);
			dependencies = (
			);
			name = IntelligentLiftingFrame;
			productName = IntelligentLiftingFrame;
			productReference = A2084498292CA1BC0072E981 /* IntelligentLiftingFrame.app */;
			productType = "com.apple.product-type.application";
		};
		A20844A7292CA1BD0072E981 /* IntelligentLiftingFrameTests */ = {
			isa = PBXNativeTarget;
			buildConfigurationList = A20844BF292CA1BD0072E981 /* Build configuration list for PBXNativeTarget "IntelligentLiftingFrameTests" */;
			buildPhases = (
				A20844A4292CA1BD0072E981 /* Sources */,
				A20844A5292CA1BD0072E981 /* Frameworks */,
				A20844A6292CA1BD0072E981 /* Resources */,
			);
			buildRules = (
			);
			dependencies = (
				A20844AA292CA1BD0072E981 /* PBXTargetDependency */,
			);
			name = IntelligentLiftingFrameTests;
			productName = IntelligentLiftingFrameTests;
			productReference = A20844A8292CA1BD0072E981 /* IntelligentLiftingFrameTests.xctest */;
			productType = "com.apple.product-type.bundle.unit-test";
		};
		A20844B1292CA1BD0072E981 /* IntelligentLiftingFrameUITests */ = {
			isa = PBXNativeTarget;
			buildConfigurationList = A20844C2292CA1BD0072E981 /* Build configuration list for PBXNativeTarget "IntelligentLiftingFrameUITests" */;
			buildPhases = (
				A20844AE292CA1BD0072E981 /* Sources */,
				A20844AF292CA1BD0072E981 /* Frameworks */,
				A20844B0292CA1BD0072E981 /* Resources */,
			);
			buildRules = (
			);
			dependencies = (
				A20844B4292CA1BD0072E981 /* PBXTargetDependency */,
			);
			name = IntelligentLiftingFrameUITests;
			productName = IntelligentLiftingFrameUITests;
			productReference = A20844B2292CA1BD0072E981 /* IntelligentLiftingFrameUITests.xctest */;
			productType = "com.apple.product-type.bundle.ui-testing";
		};
/* End PBXNativeTarget section */

/* Begin PBXProject section */
		A2084490292CA1BC0072E981 /* Project object */ = {
			isa = PBXProject;
			attributes = {
				BuildIndependentTargetsInParallel = 1;
				LastSwiftUpdateCheck = 1410;
				LastUpgradeCheck = 1410;
				TargetAttributes = {
					A2084497292CA1BC0072E981 = {
						CreatedOnToolsVersion = 14.1;
					};
					A20844A7292CA1BD0072E981 = {
						CreatedOnToolsVersion = 14.1;
						TestTargetID = A2084497292CA1BC0072E981;
					};
					A20844B1292CA1BD0072E981 = {
						CreatedOnToolsVersion = 14.1;
						TestTargetID = A2084497292CA1BC0072E981;
					};
				};
			};
			buildConfigurationList = A2084493292CA1BC0072E981 /* Build configuration list for PBXProject "IntelligentLiftingFrame" */;
			compatibilityVersion = "Xcode 14.0";
			developmentRegion = en;
			hasScannedForEncodings = 0;
			knownRegions = (
				en,
				Base,
			);
			mainGroup = A208448F292CA1BC0072E981;
			productRefGroup = A2084499292CA1BC0072E981 /* Products */;
			projectDirPath = "";
			projectRoot = "";
			targets = (
				A2084497292CA1BC0072E981 /* IntelligentLiftingFrame */,
				A20844A7292CA1BD0072E981 /* IntelligentLiftingFrameTests */,
				A20844B1292CA1BD0072E981 /* IntelligentLiftingFrameUITests */,
			);
		};
/* End PBXProject section */

/* Begin PBXResourcesBuildPhase section */
		A2084496292CA1BC0072E981 /* Resources */ = {
			isa = PBXResourcesBuildPhase;
			buildActionMask = 2147483647;
			files = (
				A20844A3292CA1BD0072E981 /* Preview Assets.xcassets in Resources */,
				A20844A0292CA1BD0072E981 /* Assets.xcassets in Resources */,
			);
			runOnlyForDeploymentPostprocessing = 0;
		};
		A20844A6292CA1BD0072E981 /* Resources */ = {
			isa = PBXResourcesBuildPhase;
			buildActionMask = 2147483647;
			files = (
			);
			runOnlyForDeploymentPostprocessing = 0;
		};
		A20844B0292CA1BD0072E981 /* Resources */ = {
			isa = PBXResourcesBuildPhase;
			buildActionMask = 2147483647;
			files = (
			);
			runOnlyForDeploymentPostprocessing = 0;
		};
/* End PBXResourcesBuildPhase section */

/* Begin PBXSourcesBuildPhase section */
		A2084494292CA1BC0072E981 /* Sources */ = {
			isa = PBXSourcesBuildPhase;
			buildActionMask = 2147483647;
			files = (
				A2C0C64E2A6644D300D1A6DE /* BirdsEyeView.swift in Sources */,
				A211BC8D293492E4005F1FFE /* ClientConnection.swift in Sources */,
				A2CC22212A89F83300FC0FB2 /* JoystickView.swift in Sources */,
				A208449E292CA1BC0072E981 /* ControlView.swift in Sources */,
				A2B43A822994E17100730571 /* MessageViewModel.swift in Sources */,
				A2AA66A02A42AB2200E84F5F /* AppConstantsAndStyles.swift in Sources */,
				A211BC912934B053005F1FFE /* UserSystemModel.swift in Sources */,
				A211BC8F293493E8005F1FFE /* Client.swift in Sources */,
				A209D33929358DE700C68ED6 /* ControlViewModel.swift in Sources */,
				A24396AF294095C100041164 /* GamepadController.swift in Sources */,
				A22153382A60D69F0062A824 /* 2DView.swift in Sources */,
				A208449C292CA1BC0072E981 /* IntelligentLiftingFrameApp.swift in Sources */,
				A221533A2A60D75B0062A824 /* SystemConstants.swift in Sources */,
				A211BC932934B599005F1FFE /* Command.swift in Sources */,
			);
			runOnlyForDeploymentPostprocessing = 0;
		};
		A20844A4292CA1BD0072E981 /* Sources */ = {
			isa = PBXSourcesBuildPhase;
			buildActionMask = 2147483647;
			files = (
				A20844AD292CA1BD0072E981 /* IntelligentLiftingFrameTests.swift in Sources */,
			);
			runOnlyForDeploymentPostprocessing = 0;
		};
		A20844AE292CA1BD0072E981 /* Sources */ = {
			isa = PBXSourcesBuildPhase;
			buildActionMask = 2147483647;
			files = (
				A20844B9292CA1BD0072E981 /* IntelligentLiftingFrameUITestsLaunchTests.swift in Sources */,
				A20844B7292CA1BD0072E981 /* IntelligentLiftingFrameUITests.swift in Sources */,
			);
			runOnlyForDeploymentPostprocessing = 0;
		};
/* End PBXSourcesBuildPhase section */

/* Begin PBXTargetDependency section */
		A20844AA292CA1BD0072E981 /* PBXTargetDependency */ = {
			isa = PBXTargetDependency;
			target = A2084497292CA1BC0072E981 /* IntelligentLiftingFrame */;
			targetProxy = A20844A9292CA1BD0072E981 /* PBXContainerItemProxy */;
		};
		A20844B4292CA1BD0072E981 /* PBXTargetDependency */ = {
			isa = PBXTargetDependency;
			target = A2084497292CA1BC0072E981 /* IntelligentLiftingFrame */;
			targetProxy = A20844B3292CA1BD0072E981 /* PBXContainerItemProxy */;
		};
/* End PBXTargetDependency section */

/* Begin XCBuildConfiguration section */
		A20844BA292CA1BD0072E981 /* Debug */ = {
			isa = XCBuildConfiguration;
			buildSettings = {
				ALWAYS_SEARCH_USER_PATHS = NO;
				CLANG_ANALYZER_NONNULL = YES;
				CLANG_ANALYZER_NUMBER_OBJECT_CONVERSION = YES_AGGRESSIVE;
				CLANG_CXX_LANGUAGE_STANDARD = "gnu++20";
				CLANG_ENABLE_MODULES = YES;
				CLANG_ENABLE_OBJC_ARC = YES;
				CLANG_ENABLE_OBJC_WEAK = YES;
				CLANG_WARN_BLOCK_CAPTURE_AUTORELEASING = YES;
				CLANG_WARN_BOOL_CONVERSION = YES;
				CLANG_WARN_COMMA = YES;
				CLANG_WARN_CONSTANT_CONVERSION = YES;
				CLANG_WARN_DEPRECATED_OBJC_IMPLEMENTATIONS = YES;
				CLANG_WARN_DIRECT_OBJC_ISA_USAGE = YES_ERROR;
				CLANG_WARN_DOCUMENTATION_COMMENTS = YES;
				CLANG_WARN_EMPTY_BODY = YES;
				CLANG_WARN_ENUM_CONVERSION = YES;
				CLANG_WARN_INFINITE_RECURSION = YES;
				CLANG_WARN_INT_CONVERSION = YES;
				CLANG_WARN_NON_LITERAL_NULL_CONVERSION = YES;
				CLANG_WARN_OBJC_IMPLICIT_RETAIN_SELF = YES;
				CLANG_WARN_OBJC_LITERAL_CONVERSION = YES;
				CLANG_WARN_OBJC_ROOT_CLASS = YES_ERROR;
				CLANG_WARN_QUOTED_INCLUDE_IN_FRAMEWORK_HEADER = YES;
				CLANG_WARN_RANGE_LOOP_ANALYSIS = YES;
				CLANG_WARN_STRICT_PROTOTYPES = YES;
				CLANG_WARN_SUSPICIOUS_MOVE = YES;
				CLANG_WARN_UNGUARDED_AVAILABILITY = YES_AGGRESSIVE;
				CLANG_WARN_UNREACHABLE_CODE = YES;
				CLANG_WARN__DUPLICATE_METHOD_MATCH = YES;
				COPY_PHASE_STRIP = NO;
				DEBUG_INFORMATION_FORMAT = dwarf;
				ENABLE_STRICT_OBJC_MSGSEND = YES;
				ENABLE_TESTABILITY = YES;
				GCC_C_LANGUAGE_STANDARD = gnu11;
				GCC_DYNAMIC_NO_PIC = NO;
				GCC_NO_COMMON_BLOCKS = YES;
				GCC_OPTIMIZATION_LEVEL = 0;
				GCC_PREPROCESSOR_DEFINITIONS = (
					"DEBUG=1",
					"$(inherited)",
				);
				GCC_WARN_64_TO_32_BIT_CONVERSION = YES;
				GCC_WARN_ABOUT_RETURN_TYPE = YES_ERROR;
				GCC_WARN_UNDECLARED_SELECTOR = YES;
				GCC_WARN_UNINITIALIZED_AUTOS = YES_AGGRESSIVE;
				GCC_WARN_UNUSED_FUNCTION = YES;
				GCC_WARN_UNUSED_VARIABLE = YES;
				IPHONEOS_DEPLOYMENT_TARGET = 16.1;
				MTL_ENABLE_DEBUG_INFO = INCLUDE_SOURCE;
				MTL_FAST_MATH = YES;
				ONLY_ACTIVE_ARCH = YES;
				SDKROOT = iphoneos;
				SWIFT_ACTIVE_COMPILATION_CONDITIONS = DEBUG;
				SWIFT_OPTIMIZATION_LEVEL = "-Onone";
			};
			name = Debug;
		};
		A20844BB292CA1BD0072E981 /* Release */ = {
			isa = XCBuildConfiguration;
			buildSettings = {
				ALWAYS_SEARCH_USER_PATHS = NO;
				CLANG_ANALYZER_NONNULL = YES;
				CLANG_ANALYZER_NUMBER_OBJECT_CONVERSION = YES_AGGRESSIVE;
				CLANG_CXX_LANGUAGE_STANDARD = "gnu++20";
				CLANG_ENABLE_MODULES = YES;
				CLANG_ENABLE_OBJC_ARC = YES;
				CLANG_ENABLE_OBJC_WEAK = YES;
				CLANG_WARN_BLOCK_CAPTURE_AUTORELEASING = YES;
				CLANG_WARN_BOOL_CONVERSION = YES;
				CLANG_WARN_COMMA = YES;
				CLANG_WARN_CONSTANT_CONVERSION = YES;
				CLANG_WARN_DEPRECATED_OBJC_IMPLEMENTATIONS = YES;
				CLANG_WARN_DIRECT_OBJC_ISA_USAGE = YES_ERROR;
				CLANG_WARN_DOCUMENTATION_COMMENTS = YES;
				CLANG_WARN_EMPTY_BODY = YES;
				CLANG_WARN_ENUM_CONVERSION = YES;
				CLANG_WARN_INFINITE_RECURSION = YES;
				CLANG_WARN_INT_CONVERSION = YES;
				CLANG_WARN_NON_LITERAL_NULL_CONVERSION = YES;
				CLANG_WARN_OBJC_IMPLICIT_RETAIN_SELF = YES;
				CLANG_WARN_OBJC_LITERAL_CONVERSION = YES;
				CLANG_WARN_OBJC_ROOT_CLASS = YES_ERROR;
				CLANG_WARN_QUOTED_INCLUDE_IN_FRAMEWORK_HEADER = YES;
				CLANG_WARN_RANGE_LOOP_ANALYSIS = YES;
				CLANG_WARN_STRICT_PROTOTYPES = YES;
				CLANG_WARN_SUSPICIOUS_MOVE = YES;
				CLANG_WARN_UNGUARDED_AVAILABILITY = YES_AGGRESSIVE;
				CLANG_WARN_UNREACHABLE_CODE = YES;
				CLANG_WARN__DUPLICATE_METHOD_MATCH = YES;
				COPY_PHASE_STRIP = NO;
				DEBUG_INFORMATION_FORMAT = "dwarf-with-dsym";
				ENABLE_NS_ASSERTIONS = NO;
				ENABLE_STRICT_OBJC_MSGSEND = YES;
				GCC_C_LANGUAGE_STANDARD = gnu11;
				GCC_NO_COMMON_BLOCKS = YES;
				GCC_WARN_64_TO_32_BIT_CONVERSION = YES;
				GCC_WARN_ABOUT_RETURN_TYPE = YES_ERROR;
				GCC_WARN_UNDECLARED_SELECTOR = YES;
				GCC_WARN_UNINITIALIZED_AUTOS = YES_AGGRESSIVE;
				GCC_WARN_UNUSED_FUNCTION = YES;
				GCC_WARN_UNUSED_VARIABLE = YES;
				IPHONEOS_DEPLOYMENT_TARGET = 16.1;
				MTL_ENABLE_DEBUG_INFO = NO;
				MTL_FAST_MATH = YES;
				SDKROOT = iphoneos;
				SWIFT_COMPILATION_MODE = wholemodule;
				SWIFT_OPTIMIZATION_LEVEL = "-O";
				VALIDATE_PRODUCT = YES;
			};
			name = Release;
		};
		A20844BD292CA1BD0072E981 /* Debug */ = {
			isa = XCBuildConfiguration;
			buildSettings = {
				ASSETCATALOG_COMPILER_APPICON_NAME = AppIcon;
				ASSETCATALOG_COMPILER_GLOBAL_ACCENT_COLOR_NAME = AccentColor;
				CODE_SIGN_STYLE = Automatic;
				CURRENT_PROJECT_VERSION = 1;
				DEVELOPMENT_ASSET_PATHS = "\"IntelligentLiftingFrame/Preview Content\"";
				DEVELOPMENT_TEAM = ZL9MZ95Y6G;
				ENABLE_PREVIEWS = YES;
				GENERATE_INFOPLIST_FILE = YES;
				INFOPLIST_KEY_UIApplicationSceneManifest_Generation = YES;
				INFOPLIST_KEY_UIApplicationSupportsIndirectInputEvents = YES;
				INFOPLIST_KEY_UILaunchScreen_Generation = YES;
				INFOPLIST_KEY_UISupportedInterfaceOrientations_iPad = "UIInterfaceOrientationPortrait UIInterfaceOrientationPortraitUpsideDown UIInterfaceOrientationLandscapeLeft UIInterfaceOrientationLandscapeRight";
				INFOPLIST_KEY_UISupportedInterfaceOrientations_iPhone = "UIInterfaceOrientationPortrait UIInterfaceOrientationLandscapeLeft UIInterfaceOrientationLandscapeRight";
				LD_RUNPATH_SEARCH_PATHS = (
					"$(inherited)",
					"@executable_path/Frameworks",
				);
				MARKETING_VERSION = 1.0;
				PRODUCT_BUNDLE_IDENTIFIER = dm.IntelligentLiftingFrame;
				PRODUCT_NAME = "$(TARGET_NAME)";
				SWIFT_EMIT_LOC_STRINGS = YES;
				SWIFT_VERSION = 5.0;
				TARGETED_DEVICE_FAMILY = "1,2";
			};
			name = Debug;
		};
		A20844BE292CA1BD0072E981 /* Release */ = {
			isa = XCBuildConfiguration;
			buildSettings = {
				ASSETCATALOG_COMPILER_APPICON_NAME = AppIcon;
				ASSETCATALOG_COMPILER_GLOBAL_ACCENT_COLOR_NAME = AccentColor;
				CODE_SIGN_STYLE = Automatic;
				CURRENT_PROJECT_VERSION = 1;
				DEVELOPMENT_ASSET_PATHS = "\"IntelligentLiftingFrame/Preview Content\"";
				DEVELOPMENT_TEAM = ZL9MZ95Y6G;
				ENABLE_PREVIEWS = YES;
				GENERATE_INFOPLIST_FILE = YES;
				INFOPLIST_KEY_UIApplicationSceneManifest_Generation = YES;
				INFOPLIST_KEY_UIApplicationSupportsIndirectInputEvents = YES;
				INFOPLIST_KEY_UILaunchScreen_Generation = YES;
				INFOPLIST_KEY_UISupportedInterfaceOrientations_iPad = "UIInterfaceOrientationPortrait UIInterfaceOrientationPortraitUpsideDown UIInterfaceOrientationLandscapeLeft UIInterfaceOrientationLandscapeRight";
				INFOPLIST_KEY_UISupportedInterfaceOrientations_iPhone = "UIInterfaceOrientationPortrait UIInterfaceOrientationLandscapeLeft UIInterfaceOrientationLandscapeRight";
				LD_RUNPATH_SEARCH_PATHS = (
					"$(inherited)",
					"@executable_path/Frameworks",
				);
				MARKETING_VERSION = 1.0;
				PRODUCT_BUNDLE_IDENTIFIER = dm.IntelligentLiftingFrame;
				PRODUCT_NAME = "$(TARGET_NAME)";
				SWIFT_EMIT_LOC_STRINGS = YES;
				SWIFT_VERSION = 5.0;
				TARGETED_DEVICE_FAMILY = "1,2";
			};
			name = Release;
		};
		A20844C0292CA1BD0072E981 /* Debug */ = {
			isa = XCBuildConfiguration;
			buildSettings = {
				ALWAYS_EMBED_SWIFT_STANDARD_LIBRARIES = YES;
				BUNDLE_LOADER = "$(TEST_HOST)";
				CODE_SIGN_STYLE = Automatic;
				CURRENT_PROJECT_VERSION = 1;
				DEVELOPMENT_TEAM = ZL9MZ95Y6G;
				GENERATE_INFOPLIST_FILE = YES;
				IPHONEOS_DEPLOYMENT_TARGET = 16.1;
				MARKETING_VERSION = 1.0;
				PRODUCT_BUNDLE_IDENTIFIER = dm.IntelligentLiftingFrameTests;
				PRODUCT_NAME = "$(TARGET_NAME)";
				SWIFT_EMIT_LOC_STRINGS = NO;
				SWIFT_VERSION = 5.0;
				TARGETED_DEVICE_FAMILY = "1,2";
				TEST_HOST = "$(BUILT_PRODUCTS_DIR)/IntelligentLiftingFrame.app/$(BUNDLE_EXECUTABLE_FOLDER_PATH)/IntelligentLiftingFrame";
			};
			name = Debug;
		};
		A20844C1292CA1BD0072E981 /* Release */ = {
			isa = XCBuildConfiguration;
			buildSettings = {
				ALWAYS_EMBED_SWIFT_STANDARD_LIBRARIES = YES;
				BUNDLE_LOADER = "$(TEST_HOST)";
				CODE_SIGN_STYLE = Automatic;
				CURRENT_PROJECT_VERSION = 1;
				DEVELOPMENT_TEAM = ZL9MZ95Y6G;
				GENERATE_INFOPLIST_FILE = YES;
				IPHONEOS_DEPLOYMENT_TARGET = 16.1;
				MARKETING_VERSION = 1.0;
				PRODUCT_BUNDLE_IDENTIFIER = dm.IntelligentLiftingFrameTests;
				PRODUCT_NAME = "$(TARGET_NAME)";
				SWIFT_EMIT_LOC_STRINGS = NO;
				SWIFT_VERSION = 5.0;
				TARGETED_DEVICE_FAMILY = "1,2";
				TEST_HOST = "$(BUILT_PRODUCTS_DIR)/IntelligentLiftingFrame.app/$(BUNDLE_EXECUTABLE_FOLDER_PATH)/IntelligentLiftingFrame";
			};
			name = Release;
		};
		A20844C3292CA1BD0072E981 /* Debug */ = {
			isa = XCBuildConfiguration;
			buildSettings = {
				ALWAYS_EMBED_SWIFT_STANDARD_LIBRARIES = YES;
				CODE_SIGN_STYLE = Automatic;
				CURRENT_PROJECT_VERSION = 1;
				DEVELOPMENT_TEAM = ZL9MZ95Y6G;
				GENERATE_INFOPLIST_FILE = YES;
				MARKETING_VERSION = 1.0;
				PRODUCT_BUNDLE_IDENTIFIER = dm.IntelligentLiftingFrameUITests;
				PRODUCT_NAME = "$(TARGET_NAME)";
				SWIFT_EMIT_LOC_STRINGS = NO;
				SWIFT_VERSION = 5.0;
				TARGETED_DEVICE_FAMILY = "1,2";
				TEST_TARGET_NAME = IntelligentLiftingFrame;
			};
			name = Debug;
		};
		A20844C4292CA1BD0072E981 /* Release */ = {
			isa = XCBuildConfiguration;
			buildSettings = {
				ALWAYS_EMBED_SWIFT_STANDARD_LIBRARIES = YES;
				CODE_SIGN_STYLE = Automatic;
				CURRENT_PROJECT_VERSION = 1;
				DEVELOPMENT_TEAM = ZL9MZ95Y6G;
				GENERATE_INFOPLIST_FILE = YES;
				MARKETING_VERSION = 1.0;
				PRODUCT_BUNDLE_IDENTIFIER = dm.IntelligentLiftingFrameUITests;
				PRODUCT_NAME = "$(TARGET_NAME)";
				SWIFT_EMIT_LOC_STRINGS = NO;
				SWIFT_VERSION = 5.0;
				TARGETED_DEVICE_FAMILY = "1,2";
				TEST_TARGET_NAME = IntelligentLiftingFrame;
			};
			name = Release;
		};
/* End XCBuildConfiguration section */

/* Begin XCConfigurationList section */
		A2084493292CA1BC0072E981 /* Build configuration list for PBXProject "IntelligentLiftingFrame" */ = {
			isa = XCConfigurationList;
			buildConfigurations = (
				A20844BA292CA1BD0072E981 /* Debug */,
				A20844BB292CA1BD0072E981 /* Release */,
			);
			defaultConfigurationIsVisible = 0;
			defaultConfigurationName = Release;
		};
		A20844BC292CA1BD0072E981 /* Build configuration list for PBXNativeTarget "IntelligentLiftingFrame" */ = {
			isa = XCConfigurationList;
			buildConfigurations = (
				A20844BD292CA1BD0072E981 /* Debug */,
				A20844BE292CA1BD0072E981 /* Release */,
			);
			defaultConfigurationIsVisible = 0;
			defaultConfigurationName = Release;
		};
		A20844BF292CA1BD0072E981 /* Build configuration list for PBXNativeTarget "IntelligentLiftingFrameTests" */ = {
			isa = XCConfigurationList;
			buildConfigurations = (
				A20844C0292CA1BD0072E981 /* Debug */,
				A20844C1292CA1BD0072E981 /* Release */,
			);
			defaultConfigurationIsVisible = 0;
			defaultConfigurationName = Release;
		};
		A20844C2292CA1BD0072E981 /* Build configuration list for PBXNativeTarget "IntelligentLiftingFrameUITests" */ = {
			isa = XCConfigurationList;
			buildConfigurations = (
				A20844C3292CA1BD0072E981 /* Debug */,
				A20844C4292CA1BD0072E981 /* Release */,
			);
			defaultConfigurationIsVisible = 0;
			defaultConfigurationName = Release;
		};
/* End XCConfigurationList section */
	};
	rootObject = A2084490292CA1BC0072E981 /* Project object */;
}
